<?xml version="1.0" encoding="utf-8"?>
<Project ToolsVersion="4.0" xmlns="http://schemas.microsoft.com/developer/msbuild/2003">
  <ItemGroup>
    <Filter Include="common">
      <UniqueIdentifier>{93995380-89BD-4b04-88EB-625FBE52EBFB}</UniqueIdentifier>
      <Extensions>h;hh;hpp;hxx;hm;inl;inc;xsd</Extensions>
    </Filter>
    <Filter Include="multiproc">
      <UniqueIdentifier>{a362efb3-9233-4b97-800d-ec73e6f1ceae}</UniqueIdentifier>
    </Filter>
  </ItemGroup>
  <ItemGroup>
    <ClCompile Include="..\mpic\inner_pre.cc">
      <Filter>common</Filter>
    </ClCompile>
    <ClCompile Include="..\mpic\option.cc">
      <Filter>multiproc</Filter>
    </ClCompile>
    <ClCompile Include="..\mpic\file_util.cc">
      <Filter>multiproc</Filter>
    </ClCompile>
    <ClCompile Include="..\mpic\title.cc">
      <Filter>multiproc</Filter>
    </ClCompile>
    <ClCompile Include="..\mpic\master.cc">
      <Filter>multiproc</Filter>
    </ClCompile>
  </ItemGroup>
  <ItemGroup>
    <ClInclude Include="..\mpic\exp.h">
      <Filter>common</Filter>
    </ClInclude>
    <ClInclude Include="..\mpic\inner_pre.h">
      <Filter>common</Filter>
    </ClInclude>
    <ClInclude Include="..\mpic\mpic_export.h">
      <Filter>common</Filter>
    </ClInclude>
    <ClInclude Include="..\mpic\platform_config.h">
      <Filter>common</Filter>
    </ClInclude>
    <ClInclude Include="..\mpic\option.h">
      <Filter>multiproc</Filter>
    </ClInclude>
    <ClInclude Include="..\mpic\file_util.h">
      <Filter>multiproc</Filter>
    </ClInclude>
    <ClInclude Include="..\mpic\title.h">
      <Filter>multiproc</Filter>
    </ClInclude>
    <ClInclude Include="..\mpic\master.h">
      <Filter>multiproc</Filter>
    </ClInclude>
  </ItemGroup>
</Project>